{
    "_readme": [
        "This file locks the dependencies of your project to a known state",
        "Read more about it at https://getcomposer.org/doc/01-basic-usage.md#installing-dependencies",
        "This file is @generated automatically"
    ],
    "content-hash": "7fa99ddeeda6cf0cc08b214eb4a05cd3",
    "packages": [
        {
            "name": "joby/smol-context",
            "version": "dev-main",
            "source": {
                "type": "git",
                "url": "https://github.com/joby-lol/smol-context.git",
                "reference": "0d79bd13507e77ec05be209766c6045bb0cff5ef"
            },
            "dist": {
                "type": "zip",
                "url": "https://api.github.com/repos/joby-lol/smol-context/zipball/0d79bd13507e77ec05be209766c6045bb0cff5ef",
                "reference": "0d79bd13507e77ec05be209766c6045bb0cff5ef",
                "shasum": ""
            },
            "require": {
                "php": ">=8.3",
                "psr/simple-cache": "^3.0"
            },
            "require-dev": {
                "phpstan/phpstan": "^2.1",
                "phpunit/phpunit": "^12.1"
            },
            "default-branch": true,
            "type": "library",
            "autoload": {
                "files": [
                    "functions.php"
                ],
                "psr-4": {
                    "Joby\\Smol\\Context\\": "src/"
                }
            },
            "notification-url": "https://packagist.org/downloads/",
            "license": [
                "MIT"
            ],
            "authors": [
                {
                    "name": "Joby Elliott",
                    "email": "code@joby.lol"
                }
            ],
            "description": "A lightweight DI container for PHP for global, low-config service and object registration. Use it to resolve and inject services, objects, and config values anywhere. You can execute callables with injected dependencies, instantiate objects with dependencies, and even include files using a unique DocBlock injection system.",
            "support": {
                "issues": "https://github.com/joby-lol/smol-context/issues",
                "source": "https://github.com/joby-lol/smol-context/tree/main"
            },
            "time": "2026-01-10T20:46:48+00:00"
        },
        {
            "name": "joby/smol-request",
            "version": "dev-main",
            "source": {
                "type": "git",
                "url": "https://github.com/joby-lol/smol-request.git",
                "reference": "0c032269e28ba15fb9a1a17f4706aa70508557b7"
            },
            "dist": {
                "type": "zip",
                "url": "https://api.github.com/repos/joby-lol/smol-request/zipball/0c032269e28ba15fb9a1a17f4706aa70508557b7",
                "reference": "0c032269e28ba15fb9a1a17f4706aa70508557b7",
                "shasum": ""
            },
            "require": {
                "joby/smol-url": "^1.0@beta",
                "php": ">=8.3"
            },
            "require-dev": {
                "phpstan/phpstan": "^2.1",
                "phpunit/phpunit": "^12"
            },
            "default-branch": true,
            "type": "library",
            "autoload": {
                "psr-4": {
                    "Joby\\Smol\\Request\\": "src/"
                }
            },
            "notification-url": "https://packagist.org/downloads/",
            "license": [
                "MIT"
            ],
            "authors": [
                {
                    "name": "Joby Elliott",
                    "email": "code@byjoby.com"
                }
            ],
            "description": "A straightforward abstraction layer for retrieving information about and data from the current HTTP request.",
            "support": {
                "issues": "https://github.com/joby-lol/smol-request/issues",
                "source": "https://github.com/joby-lol/smol-request/tree/main"
            },
            "time": "2025-12-18T19:33:59+00:00"
        },
        {
            "name": "joby/smol-response",
            "version": "dev-main",
            "source": {
                "type": "git",
                "url": "https://github.com/joby-lol/smol-response.git",
                "reference": "d7ef2c79f3612d7a6413397ae4c3dcfc258b0029"
            },
            "dist": {
                "type": "zip",
                "url": "https://api.github.com/repos/joby-lol/smol-response/zipball/d7ef2c79f3612d7a6413397ae4c3dcfc258b0029",
                "reference": "d7ef2c79f3612d7a6413397ae4c3dcfc258b0029",
                "shasum": ""
            },
            "require": {
                "joby/smol-url": "^1.0@beta",
                "php": ">=8.4"
            },
            "require-dev": {
                "phpstan/phpstan": "^2.1",
                "phpunit/phpunit": "^12"
            },
            "default-branch": true,
            "type": "library",
            "autoload": {
                "psr-4": {
                    "Joby\\Smol\\Response\\": "src/"
                }
            },
            "notification-url": "https://packagist.org/downloads/",
            "license": [
                "MIT"
            ],
            "authors": [
                {
                    "name": "Joby Elliott",
                    "email": "code@byjoby.com"
                }
            ],
            "description": "A straightforward abstraction layer for building and rendering HTTP responses.",
            "support": {
                "issues": "https://github.com/joby-lol/smol-response/issues",
                "source": "https://github.com/joby-lol/smol-response/tree/main"
            },
            "time": "2026-01-07T18:22:00+00:00"
        },
        {
            "name": "joby/smol-router",
            "version": "dev-main",
            "source": {
                "type": "git",
                "url": "https://github.com/joby-lol/smol-router.git",
                "reference": "1c62a9be6ed24d1f50155b80fbd83bdd2cd09eaf"
            },
            "dist": {
                "type": "zip",
                "url": "https://api.github.com/repos/joby-lol/smol-router/zipball/1c62a9be6ed24d1f50155b80fbd83bdd2cd09eaf",
                "reference": "1c62a9be6ed24d1f50155b80fbd83bdd2cd09eaf",
                "shasum": ""
            },
            "require": {
                "joby/smol-request": "dev-main",
                "joby/smol-response": "dev-main",
                "joby/smol-url": "@beta",
                "php": ">=8.4"
            },
            "require-dev": {
                "phpstan/phpstan": "^2.1",
                "phpunit/phpunit": "^12"
            },
            "default-branch": true,
            "type": "library",
            "autoload": {
                "psr-4": {
                    "Joby\\Smol\\Router\\": "src/"
                }
            },
            "notification-url": "https://packagist.org/downloads/",
            "license": [
                "MIT"
            ],
            "authors": [
                {
                    "name": "Joby Elliott",
                    "email": "code@byjoby.com"
                }
            ],
            "description": "A straightforward and unopinionated router for human-scale applications.",
            "support": {
                "issues": "https://github.com/joby-lol/smol-router/issues",
                "source": "https://github.com/joby-lol/smol-router/tree/main"
            },
            "time": "2026-01-09T18:35:09+00:00"
        },
        {
            "name": "joby/smol-url",
            "version": "v1.0.0-beta3",
            "source": {
                "type": "git",
                "url": "https://github.com/joby-lol/smol-url.git",
                "reference": "d68fbd204a74e45299906679eb132540237b999d"
            },
            "dist": {
                "type": "zip",
                "url": "https://api.github.com/repos/joby-lol/smol-url/zipball/d68fbd204a74e45299906679eb132540237b999d",
                "reference": "d68fbd204a74e45299906679eb132540237b999d",
                "shasum": ""
            },
            "require": {
                "php": ">=8.3"
            },
            "require-dev": {
                "phpstan/phpstan": "^2.1",
                "phpunit/phpunit": "^12"
            },
            "type": "library",
            "autoload": {
                "psr-4": {
                    "Joby\\Smol\\URL\\": "src/"
                }
            },
            "notification-url": "https://packagist.org/downloads/",
            "license": [
                "MIT"
            ],
            "authors": [
                {
                    "name": "Joby Elliott",
                    "email": "code@byjoby.com"
                }
            ],
            "description": "A simple and lightweight extensible URL library designed for working with URLs in human-scale applications.",
            "support": {
                "issues": "https://github.com/joby-lol/smol-url/issues",
                "source": "https://github.com/joby-lol/smol-url/tree/v1.0.0-beta3"
            },
            "time": "2026-01-09T20:47:46+00:00"
        },
        {
            "name": "php-collective/djot",
            "version": "0.1.11",
            "source": {
                "type": "git",
                "url": "https://github.com/php-collective/djot-php.git",
                "reference": "1ea357fe6be503c1437b33dc890d26f47fedfbad"
            },
            "dist": {
                "type": "zip",
                "url": "https://api.github.com/repos/php-collective/djot-php/zipball/1ea357fe6be503c1437b33dc890d26f47fedfbad",
                "reference": "1ea357fe6be503c1437b33dc890d26f47fedfbad",
                "shasum": ""
            },
            "require": {
                "php": "^8.2"
            },
            "require-dev": {
                "nikic/php-fuzzer": "^0.0.11",
                "php-collective/code-sniffer": "dev-master",
                "phpstan/phpstan": "^2.1.32",
                "phpunit/phpunit": "^11.0 || ^12.0"
            },
            "bin": [
                "bin/djot"
            ],
            "type": "library",
            "autoload": {
                "psr-4": {
                    "Djot\\": "src/"
                }
            },
            "notification-url": "https://packagist.org/downloads/",
            "license": [
                "MIT"
            ],
            "authors": [
                {
                    "name": "PHP Collective",
                    "homepage": "https://github.com/php-collective"
                }
            ],
            "description": "A PHP parser for Djot, a modern light markup language",
            "keywords": [
                "djot",
                "markdown",
                "markup",
                "parser"
            ],
            "support": {
                "issues": "https://github.com/php-collective/djot-php/issues",
                "source": "https://github.com/php-collective/djot-php/tree/0.1.11"
            },
            "funding": [
                {
                    "url": "https://github.com/dereuromark",
                    "type": "github"
                }
            ],
            "time": "2025-12-15T22:05:02+00:00"
        },
        {
            "name": "psr/simple-cache",
            "version": "3.0.0",
            "source": {
                "type": "git",
                "url": "https://github.com/php-fig/simple-cache.git",
                "reference": "764e0b3939f5ca87cb904f570ef9be2d78a07865"
            },
            "dist": {
                "type": "zip",
                "url": "https://api.github.com/repos/php-fig/simple-cache/zipball/764e0b3939f5ca87cb904f570ef9be2d78a07865",
                "reference": "764e0b3939f5ca87cb904f570ef9be2d78a07865",
                "shasum": ""
            },
            "require": {
                "php": ">=8.0.0"
            },
            "type": "library",
            "extra": {
                "branch-alias": {
                    "dev-master": "3.0.x-dev"
                }
            },
            "autoload": {
                "psr-4": {
                    "Psr\\SimpleCache\\": "src/"
                }
            },
            "notification-url": "https://packagist.org/downloads/",
            "license": [
                "MIT"
            ],
            "authors": [
                {
                    "name": "PHP-FIG",
                    "homepage": "https://www.php-fig.org/"
                }
            ],
            "description": "Common interfaces for simple caching",
            "keywords": [
                "cache",
                "caching",
                "psr",
                "psr-16",
                "simple-cache"
            ],
            "support": {
                "source": "https://github.com/php-fig/simple-cache/tree/3.0.0"
            },
            "time": "2021-10-29T13:26:27+00:00"
        }
    ],
    "packages-dev": [
        {
            "name": "phpstan/phpstan",
            "version": "2.1.33",
            "dist": {
                "type": "zip",
                "url": "https://api.github.com/repos/phpstan/phpstan/zipball/9e800e6bee7d5bd02784d4c6069b48032d16224f",
                "reference": "9e800e6bee7d5bd02784d4c6069b48032d16224f",
                "shasum": ""
            },
            "require": {
                "php": "^7.4|^8.0"
            },
            "conflict": {
                "phpstan/phpstan-shim": "*"
            },
            "bin": [
                "phpstan",
                "phpstan.phar"
            ],
            "type": "library",
            "autoload": {
                "files": [
                    "bootstrap.php"
                ]
            },
            "notification-url": "https://packagist.org/downloads/",
            "license": [
                "MIT"
            ],
            "description": "PHPStan - PHP Static Analysis Tool",
            "keywords": [
                "dev",
                "static analysis"
            ],
            "support": {
                "docs": "https://phpstan.org/user-guide/getting-started",
                "forum": "https://github.com/phpstan/phpstan/discussions",
                "issues": "https://github.com/phpstan/phpstan/issues",
                "security": "https://github.com/phpstan/phpstan/security/policy",
                "source": "https://github.com/phpstan/phpstan-src"
            },
            "funding": [
                {
                    "url": "https://github.com/ondrejmirtes",
                    "type": "github"
                },
                {
                    "url": "https://github.com/phpstan",
                    "type": "github"
                }
            ],
            "time": "2025-12-05T10:24:31+00:00"
        }
    ],
    "aliases": [],
    "minimum-stability": "stable",
    "stability-flags": {
        "joby/smol-context": 20,
        "joby/smol-request": 20,
        "joby/smol-response": 20,
        "joby/smol-router": 20,
        "joby/smol-url": 10
    },
    "prefer-stable": false,
    "prefer-lowest": false,
    "platform": {
        "php": ">=8.4"
    },
    "platform-dev": {},
    "plugin-api-version": "2.9.0"
}
