{
    "_readme": [
        "This file locks the dependencies of your project to a known state",
        "Read more about it at https://getcomposer.org/doc/01-basic-usage.md#installing-dependencies",
        "This file is @generated automatically"
    ],
    "content-hash": "2fc0fa251d94fbe575f49a00338bd4bf",
    "packages": [
        {
            "name": "joby/smol-cache",
            "version": "v1.1.1",
            "source": {
                "type": "git",
                "url": "https://github.com/joby-lol/smol-cache.git",
                "reference": "3fbb6e51efc89505a22191222d4cca22e5cc4ba1"
            },
            "dist": {
                "type": "zip",
                "url": "https://api.github.com/repos/joby-lol/smol-cache/zipball/3fbb6e51efc89505a22191222d4cca22e5cc4ba1",
                "reference": "3fbb6e51efc89505a22191222d4cca22e5cc4ba1",
                "shasum": ""
            },
            "require": {
                "php": ">=8.1"
            },
            "require-dev": {
                "php": ">=8.3",
                "phpstan/phpstan": "^2.1",
                "phpunit/phpunit": "^12.1"
            },
            "suggest": {
                "ext-pdo_sqlite": "Required for SqliteCache"
            },
            "type": "library",
            "autoload": {
                "psr-4": {
                    "Joby\\Smol\\Cache\\": "src/"
                }
            },
            "notification-url": "https://packagist.org/downloads/",
            "license": [
                "MIT"
            ],
            "authors": [
                {
                    "name": "Joby Elliott",
                    "email": "code@joby.lol"
                }
            ],
            "description": "A set of simple lightweight caching implementations, and wrappers for implementing the same interfaces from common standards.",
            "support": {
                "issues": "https://github.com/joby-lol/smol-cache/issues",
                "source": "https://github.com/joby-lol/smol-cache/tree/v1.1.1"
            },
            "time": "2026-01-15T19:51:17+00:00"
        },
        {
            "name": "joby/smol-config",
            "version": "v1.1.1",
            "source": {
                "type": "git",
                "url": "https://github.com/joby-lol/smol-config.git",
                "reference": "1f21f527e677b73de68adc261857dc75dc2c78e1"
            },
            "dist": {
                "type": "zip",
                "url": "https://api.github.com/repos/joby-lol/smol-config/zipball/1f21f527e677b73de68adc261857dc75dc2c78e1",
                "reference": "1f21f527e677b73de68adc261857dc75dc2c78e1",
                "shasum": ""
            },
            "require": {
                "php": ">=8.1"
            },
            "require-dev": {
                "php": ">=8.3",
                "phpstan/phpstan": "^2.1",
                "phpunit/phpunit": "^12.1",
                "symfony/yaml": "^6.4|^7.4|^8.0"
            },
            "suggest": {
                "ext-ini": "For INI config file support",
                "ext-yaml": "For YAML config file support",
                "symfony/yaml": "For YAML config file support"
            },
            "type": "library",
            "autoload": {
                "psr-4": {
                    "Joby\\Smol\\Config\\": "src/"
                }
            },
            "notification-url": "https://packagist.org/downloads/",
            "license": [
                "MIT"
            ],
            "authors": [
                {
                    "name": "Joby Elliott",
                    "email": "code@joby.lol"
                }
            ],
            "description": "A lightweight and flexible configuration library for PHP applications.",
            "support": {
                "issues": "https://github.com/joby-lol/smol-config/issues",
                "source": "https://github.com/joby-lol/smol-config/tree/v1.1.1"
            },
            "time": "2026-01-17T23:09:36+00:00"
        },
        {
            "name": "joby/smol-context",
            "version": "v1.0.0",
            "source": {
                "type": "git",
                "url": "https://github.com/joby-lol/smol-context.git",
                "reference": "845aa2c096df38226eb21ad0f46c91d94283d93b"
            },
            "dist": {
                "type": "zip",
                "url": "https://api.github.com/repos/joby-lol/smol-context/zipball/845aa2c096df38226eb21ad0f46c91d94283d93b",
                "reference": "845aa2c096df38226eb21ad0f46c91d94283d93b",
                "shasum": ""
            },
            "require": {
                "joby/smol-cache": "^1.0",
                "joby/smol-config": "^1.0",
                "php": ">=8.1"
            },
            "require-dev": {
                "php": ">=8.3",
                "phpstan/phpstan": "^2.1",
                "phpunit/phpunit": "^12.1"
            },
            "type": "library",
            "autoload": {
                "psr-4": {
                    "Joby\\Smol\\Context\\": "src/"
                }
            },
            "notification-url": "https://packagist.org/downloads/",
            "license": [
                "MIT"
            ],
            "authors": [
                {
                    "name": "Joby Elliott",
                    "email": "code@joby.lol"
                }
            ],
            "description": "A lightweight DI container for PHP for global, low-config service and object registration. Use it to resolve and inject services, objects, and config values anywhere. You can execute callables with injected dependencies, instantiate objects with dependencies, and even include files using a unique DocBlock injection system.",
            "support": {
                "issues": "https://github.com/joby-lol/smol-context/issues",
                "source": "https://github.com/joby-lol/smol-context/tree/v1.0.0"
            },
            "time": "2026-01-18T01:20:26+00:00"
        },
        {
            "name": "joby/smol-fs",
            "version": "v1.0.0",
            "source": {
                "type": "git",
                "url": "https://github.com/joby-lol/smol-fs.git",
                "reference": "e4eeeae3573383c7657213dac493210689cfea40"
            },
            "dist": {
                "type": "zip",
                "url": "https://api.github.com/repos/joby-lol/smol-fs/zipball/e4eeeae3573383c7657213dac493210689cfea40",
                "reference": "e4eeeae3573383c7657213dac493210689cfea40",
                "shasum": ""
            },
            "require": {
                "php": ">=8.1"
            },
            "require-dev": {
                "php": ">=8.3",
                "phpstan/phpstan": "^2.1",
                "phpunit/phpunit": "^12.1"
            },
            "type": "library",
            "autoload": {
                "psr-4": {
                    "Joby\\Smol\\Filesystem\\": "src/"
                }
            },
            "notification-url": "https://packagist.org/downloads/",
            "license": [
                "MIT"
            ],
            "authors": [
                {
                    "name": "Joby Elliott",
                    "email": "code@joby.lol"
                }
            ],
            "description": "A lightweight and simple filesystem abstraction layer with useful features and built-in traversal attack protection.",
            "support": {
                "issues": "https://github.com/joby-lol/smol-fs/issues",
                "source": "https://github.com/joby-lol/smol-fs/tree/v1.0.0"
            },
            "time": "2026-01-17T17:07:00+00:00"
        },
        {
            "name": "joby/smol-request",
            "version": "v1.0.0",
            "source": {
                "type": "git",
                "url": "https://github.com/joby-lol/smol-request.git",
                "reference": "477293540c64c786a22e3ef52934934e70bc2858"
            },
            "dist": {
                "type": "zip",
                "url": "https://api.github.com/repos/joby-lol/smol-request/zipball/477293540c64c786a22e3ef52934934e70bc2858",
                "reference": "477293540c64c786a22e3ef52934934e70bc2858",
                "shasum": ""
            },
            "require": {
                "joby/smol-url": "^1.0",
                "php": ">=8.3"
            },
            "require-dev": {
                "phpstan/phpstan": "^2.1",
                "phpunit/phpunit": "^12"
            },
            "type": "library",
            "autoload": {
                "psr-4": {
                    "Joby\\Smol\\Request\\": "src/"
                }
            },
            "notification-url": "https://packagist.org/downloads/",
            "license": [
                "MIT"
            ],
            "authors": [
                {
                    "name": "Joby Elliott",
                    "email": "code@byjoby.com"
                }
            ],
            "description": "A straightforward abstraction layer for retrieving information about and data from the current HTTP request.",
            "support": {
                "issues": "https://github.com/joby-lol/smol-request/issues",
                "source": "https://github.com/joby-lol/smol-request/tree/v1.0.0"
            },
            "time": "2026-01-15T20:04:24+00:00"
        },
        {
            "name": "joby/smol-response",
            "version": "v1.0.0",
            "source": {
                "type": "git",
                "url": "https://github.com/joby-lol/smol-response.git",
                "reference": "f381f6db841d8e8229cc89951cf023dc95ed25ac"
            },
            "dist": {
                "type": "zip",
                "url": "https://api.github.com/repos/joby-lol/smol-response/zipball/f381f6db841d8e8229cc89951cf023dc95ed25ac",
                "reference": "f381f6db841d8e8229cc89951cf023dc95ed25ac",
                "shasum": ""
            },
            "require": {
                "joby/smol-url": "^1.0",
                "php": ">=8.1"
            },
            "require-dev": {
                "php": ">=8.3",
                "phpstan/phpstan": "^2.1",
                "phpunit/phpunit": "^12"
            },
            "type": "library",
            "autoload": {
                "psr-4": {
                    "Joby\\Smol\\Response\\": "src/"
                }
            },
            "notification-url": "https://packagist.org/downloads/",
            "license": [
                "MIT"
            ],
            "authors": [
                {
                    "name": "Joby Elliott",
                    "email": "code@joby.lol"
                }
            ],
            "description": "A straightforward abstraction layer for building and rendering HTTP responses.",
            "support": {
                "issues": "https://github.com/joby-lol/smol-response/issues",
                "source": "https://github.com/joby-lol/smol-response/tree/v1.0.0"
            },
            "time": "2026-01-15T20:16:59+00:00"
        },
        {
            "name": "joby/smol-router",
            "version": "v1.0.0",
            "source": {
                "type": "git",
                "url": "https://github.com/joby-lol/smol-router.git",
                "reference": "4e16d6c9f04ebc247c0d6d122711010befc40694"
            },
            "dist": {
                "type": "zip",
                "url": "https://api.github.com/repos/joby-lol/smol-router/zipball/4e16d6c9f04ebc247c0d6d122711010befc40694",
                "reference": "4e16d6c9f04ebc247c0d6d122711010befc40694",
                "shasum": ""
            },
            "require": {
                "joby/smol-request": "^1.0",
                "joby/smol-response": "^1.0",
                "php": ">=8.1"
            },
            "require-dev": {
                "php": ">=8.3",
                "phpstan/phpstan": "^2.1",
                "phpunit/phpunit": "^12"
            },
            "type": "library",
            "autoload": {
                "psr-4": {
                    "Joby\\Smol\\Router\\": "src/"
                }
            },
            "notification-url": "https://packagist.org/downloads/",
            "license": [
                "MIT"
            ],
            "authors": [
                {
                    "name": "Joby Elliott",
                    "email": "code@joby.lol"
                }
            ],
            "description": "A straightforward and unopinionated router for human-scale applications.",
            "support": {
                "issues": "https://github.com/joby-lol/smol-router/issues",
                "source": "https://github.com/joby-lol/smol-router/tree/v1.0.0"
            },
            "time": "2026-01-16T18:35:30+00:00"
        },
        {
            "name": "joby/smol-url",
            "version": "v1.1.0",
            "source": {
                "type": "git",
                "url": "https://github.com/joby-lol/smol-url.git",
                "reference": "1910ed75c593ee57e434c1acc45ef0dbc14a38c9"
            },
            "dist": {
                "type": "zip",
                "url": "https://api.github.com/repos/joby-lol/smol-url/zipball/1910ed75c593ee57e434c1acc45ef0dbc14a38c9",
                "reference": "1910ed75c593ee57e434c1acc45ef0dbc14a38c9",
                "shasum": ""
            },
            "require": {
                "php": ">=8.1"
            },
            "require-dev": {
                "php": ">=8.3",
                "phpstan/phpstan": "^2.1",
                "phpunit/phpunit": "^12"
            },
            "type": "library",
            "autoload": {
                "psr-4": {
                    "Joby\\Smol\\URL\\": "src/"
                }
            },
            "notification-url": "https://packagist.org/downloads/",
            "license": [
                "MIT"
            ],
            "authors": [
                {
                    "name": "Joby Elliott",
                    "email": "code@byjoby.com"
                }
            ],
            "description": "A simple and lightweight extensible URL library designed for working with URLs in human-scale applications.",
            "support": {
                "issues": "https://github.com/joby-lol/smol-url/issues",
                "source": "https://github.com/joby-lol/smol-url/tree/v1.1.0"
            },
            "time": "2026-01-17T21:26:56+00:00"
        },
        {
            "name": "php-collective/djot",
            "version": "0.1.11",
            "source": {
                "type": "git",
                "url": "https://github.com/php-collective/djot-php.git",
                "reference": "1ea357fe6be503c1437b33dc890d26f47fedfbad"
            },
            "dist": {
                "type": "zip",
                "url": "https://api.github.com/repos/php-collective/djot-php/zipball/1ea357fe6be503c1437b33dc890d26f47fedfbad",
                "reference": "1ea357fe6be503c1437b33dc890d26f47fedfbad",
                "shasum": ""
            },
            "require": {
                "php": "^8.2"
            },
            "require-dev": {
                "nikic/php-fuzzer": "^0.0.11",
                "php-collective/code-sniffer": "dev-master",
                "phpstan/phpstan": "^2.1.32",
                "phpunit/phpunit": "^11.0 || ^12.0"
            },
            "bin": [
                "bin/djot"
            ],
            "type": "library",
            "autoload": {
                "psr-4": {
                    "Djot\\": "src/"
                }
            },
            "notification-url": "https://packagist.org/downloads/",
            "license": [
                "MIT"
            ],
            "authors": [
                {
                    "name": "PHP Collective",
                    "homepage": "https://github.com/php-collective"
                }
            ],
            "description": "A PHP parser for Djot, a modern light markup language",
            "keywords": [
                "djot",
                "markdown",
                "markup",
                "parser"
            ],
            "support": {
                "issues": "https://github.com/php-collective/djot-php/issues",
                "source": "https://github.com/php-collective/djot-php/tree/0.1.11"
            },
            "funding": [
                {
                    "url": "https://github.com/dereuromark",
                    "type": "github"
                }
            ],
            "time": "2025-12-15T22:05:02+00:00"
        }
    ],
    "packages-dev": [
        {
            "name": "phpstan/phpstan",
            "version": "2.1.33",
            "dist": {
                "type": "zip",
                "url": "https://api.github.com/repos/phpstan/phpstan/zipball/9e800e6bee7d5bd02784d4c6069b48032d16224f",
                "reference": "9e800e6bee7d5bd02784d4c6069b48032d16224f",
                "shasum": ""
            },
            "require": {
                "php": "^7.4|^8.0"
            },
            "conflict": {
                "phpstan/phpstan-shim": "*"
            },
            "bin": [
                "phpstan",
                "phpstan.phar"
            ],
            "type": "library",
            "autoload": {
                "files": [
                    "bootstrap.php"
                ]
            },
            "notification-url": "https://packagist.org/downloads/",
            "license": [
                "MIT"
            ],
            "description": "PHPStan - PHP Static Analysis Tool",
            "keywords": [
                "dev",
                "static analysis"
            ],
            "support": {
                "docs": "https://phpstan.org/user-guide/getting-started",
                "forum": "https://github.com/phpstan/phpstan/discussions",
                "issues": "https://github.com/phpstan/phpstan/issues",
                "security": "https://github.com/phpstan/phpstan/security/policy",
                "source": "https://github.com/phpstan/phpstan-src"
            },
            "funding": [
                {
                    "url": "https://github.com/ondrejmirtes",
                    "type": "github"
                },
                {
                    "url": "https://github.com/phpstan",
                    "type": "github"
                }
            ],
            "time": "2025-12-05T10:24:31+00:00"
        }
    ],
    "aliases": [],
    "minimum-stability": "stable",
    "stability-flags": {},
    "prefer-stable": false,
    "prefer-lowest": false,
    "platform": {
        "php": ">=8.4"
    },
    "platform-dev": {},
    "plugin-api-version": "2.9.0"
}
